
Microsoft Visual Studio Solution File, Format Version 12.00
# Visual Studio 15
VisualStudioVersion = 15.0.28010.2003
MinimumVisualStudioVersion = 10.0.40219.1
Project("{FAE04EC0-301F-11D3-BF4B-00C04F79EFBC}") = "EssentialTools", "EssentialTools\EssentialTools.csproj", "{A9A29F90-5BE3-4962-8DFC-F5B583E714CF}"
EndProject
Project("{FAE04EC0-301F-11D3-BF4B-00C04F79EFBC}") = "EssentialTools.Tests", "EssentialTools.Tests\EssentialTools.Tests.csproj", "{47E17FC7-788A-4CFF-A718-31DD4270C374}"
EndProject
Global
	GlobalSection(SolutionConfigurationPlatforms) = preSolution
		Debug|Any CPU = Debug|Any CPU
		Release|Any CPU = Release|Any CPU
	EndGlobalSection
	GlobalSection(ProjectConfigurationPlatforms) = postSolution
		{A9A29F90-5BE3-4962-8DFC-F5B583E714CF}.Debug|Any CPU.ActiveCfg = Debug|Any CPU
		{A9A29F90-5BE3-4962-8DFC-F5B583E714CF}.Debug|Any CPU.Build.0 = Debug|Any CPU
		{A9A29F90-5BE3-4962-8DFC-F5B583E714CF}.Release|Any CPU.ActiveCfg = Release|Any CPU
		{A9A29F90-5BE3-4962-8DFC-F5B583E714CF}.Release|Any CPU.Build.0 = Release|Any CPU
		{47E17FC7-788A-4CFF-A718-31DD4270C374}.Debug|Any CPU.ActiveCfg = Debug|Any CPU
		{47E17FC7-788A-4CFF-A718-31DD4270C374}.Debug|Any CPU.Build.0 = Debug|Any CPU
		{47E17FC7-788A-4CFF-A718-31DD4270C374}.Release|Any CPU.ActiveCfg = Release|Any CPU
		{47E17FC7-788A-4CFF-A718-31DD4270C374}.Release|Any CPU.Build.0 = Release|Any CPU
	EndGlobalSection
	GlobalSection(SolutionProperties) = preSolution
		HideSolutionNode = FALSE
	EndGlobalSection
	GlobalSection(ExtensibilityGlobals) = postSolution
		SolutionGuid = {20B350ED-4240-4332-86E5-74068DBF4235}
	EndGlobalSection
EndGlobal
